
Microsoft Visual Studio Solution File, Format Version 12.00
# Visual Studio Version 16
VisualStudioVersion = 16.0.31624.102
MinimumVisualStudioVersion = 10.0.40219.1
Project("{FAE04EC0-301F-11D3-BF4B-00C04F79EFBC}") = "TestFeatures", "TestFeatures\TestFeatures.csproj", "{8A0E699B-3272-4228-B73E-A921F51A309F}"
EndProject
Project("{FAE04EC0-301F-11D3-BF4B-00C04F79EFBC}") = "FeaturesData", "FeaturesData\FeaturesData.csproj", "{A972A74E-5EB4-4C64-8B52-4A93941361FE}"
EndProject
Global
	GlobalSection(SolutionConfigurationPlatforms) = preSolution
		Debug|Any CPU = Debug|Any CPU
		Release|Any CPU = Release|Any CPU
	EndGlobalSection
	GlobalSection(ProjectConfigurationPlatforms) = postSolution
		{8A0E699B-3272-4228-B73E-A921F51A309F}.Debug|Any CPU.ActiveCfg = Debug|Any CPU
		{8A0E699B-3272-4228-B73E-A921F51A309F}.Debug|Any CPU.Build.0 = Debug|Any CPU
		{8A0E699B-3272-4228-B73E-A921F51A309F}.Release|Any CPU.ActiveCfg = Release|Any CPU
		{8A0E699B-3272-4228-B73E-A921F51A309F}.Release|Any CPU.Build.0 = Release|Any CPU
		{A972A74E-5EB4-4C64-8B52-4A93941361FE}.Debug|Any CPU.ActiveCfg = Debug|Any CPU
		{A972A74E-5EB4-4C64-8B52-4A93941361FE}.Debug|Any CPU.Build.0 = Debug|Any CPU
		{A972A74E-5EB4-4C64-8B52-4A93941361FE}.Release|Any CPU.ActiveCfg = Release|Any CPU
		{A972A74E-5EB4-4C64-8B52-4A93941361FE}.Release|Any CPU.Build.0 = Release|Any CPU
	EndGlobalSection
	GlobalSection(SolutionProperties) = preSolution
		HideSolutionNode = FALSE
	EndGlobalSection
	GlobalSection(ExtensibilityGlobals) = postSolution
		SolutionGuid = {402DA3D7-857F-483E-A082-B1A5AB472EE8}
	EndGlobalSection
EndGlobal
